// !$*UTF8*$!
{
	archiveVersion = 1;
	classes = {
	};
	objectVersion = 77;
	objects = {

/* Begin PBXBuildFile section */
		8042FA682F7B01E800F0E933 /* VoticeSDK in Frameworks */ = {isa = PBXBuildFile; productRef = 8042FA672F7B01E800F0E933 /* VoticeSDK */; };
		8042FA6B2F7B01F800F0E933 /* VoticeSDK in Frameworks */ = {isa = PBXBuildFile; productRef = 8042FA6A2F7B01F800F0E933 /* VoticeSDK */; };
		8089F4112F7D000500465D6C /* Secrets.xcconfig in Resources */ = {isa = PBXBuildFile; fileRef = 8089F4102F7D000500465D6C /* Secrets.xcconfig */; };
		8089F4122F7D000500465D6C /* Secrets.xcconfig in Resources */ = {isa = PBXBuildFile; fileRef = 8089F4102F7D000500465D6C /* Secrets.xcconfig */; };
		8090B5C82F9365D7006E9DAE /* ShareExtension.appex in Embed Foundation Extensions */ = {isa = PBXBuildFile; fileRef = 8090B5BE2F9365D6006E9DAE /* ShareExtension.appex */; settings = {ATTRIBUTES = (RemoveHeadersOnCopy, ); }; };
		80E687802F9A24A000AC491E /* WidgetKit.framework in Frameworks */ = {isa = PBXBuildFile; fileRef = 80E6877F2F9A24A000AC491E /* WidgetKit.framework */; };
		80E687822F9A24A000AC491E /* SwiftUI.framework in Frameworks */ = {isa = PBXBuildFile; fileRef = 80E687812F9A24A000AC491E /* SwiftUI.framework */; };
		80E687912F9A24A200AC491E /* WidgetsExtension.appex in Embed Foundation Extensions */ = {isa = PBXBuildFile; fileRef = 80E6877D2F9A24A000AC491E /* WidgetsExtension.appex */; settings = {ATTRIBUTES = (RemoveHeadersOnCopy, ); }; };
/* End PBXBuildFile section */

/* Begin PBXContainerItemProxy section */
		8080774E2F7A67CD009BC8C4 /* PBXContainerItemProxy */ = {
			isa = PBXContainerItemProxy;
			containerPortal = 805E79832F79AC9B0070CBB3 /* Project object */;
			proxyType = 1;
			remoteGlobalIDString = 805E798A2F79AC9B0070CBB3;
			remoteInfo = "openclient-llm";
		};
		8090B5C62F9365D7006E9DAE /* PBXContainerItemProxy */ = {
			isa = PBXContainerItemProxy;
			containerPortal = 805E79832F79AC9B0070CBB3 /* Project object */;
			proxyType = 1;
			remoteGlobalIDString = 8090B5BD2F9365D6006E9DAE;
			remoteInfo = ShareExtension;
		};
		80E6878F2F9A24A200AC491E /* PBXContainerItemProxy */ = {
			isa = PBXContainerItemProxy;
			containerPortal = 805E79832F79AC9B0070CBB3 /* Project object */;
			proxyType = 1;
			remoteGlobalIDString = 80E6877C2F9A24A000AC491E;
			remoteInfo = widgetsExtension;
		};
/* End PBXContainerItemProxy section */

/* Begin PBXCopyFilesBuildPhase section */
		8090B5C92F9365D7006E9DAE /* Embed Foundation Extensions */ = {
			isa = PBXCopyFilesBuildPhase;
			buildActionMask = 2147483647;
			dstPath = "";
			dstSubfolderSpec = 13;
			files = (
				80E687912F9A24A200AC491E /* WidgetsExtension.appex in Embed Foundation Extensions */,
				8090B5C82F9365D7006E9DAE /* ShareExtension.appex in Embed Foundation Extensions */,
			);
			name = "Embed Foundation Extensions";
			runOnlyForDeploymentPostprocessing = 0;
		};
/* End PBXCopyFilesBuildPhase section */

/* Begin PBXFileReference section */
		805E798B2F79AC9B0070CBB3 /* openclient-llm.app */ = {isa = PBXFileReference; explicitFileType = wrapper.application; includeInIndex = 0; path = "openclient-llm.app"; sourceTree = BUILT_PRODUCTS_DIR; };
		8080773A2F7A66EF009BC8C4 /* OpenClient.app */ = {isa = PBXFileReference; explicitFileType = wrapper.application; includeInIndex = 0; path = OpenClient.app; sourceTree = BUILT_PRODUCTS_DIR; };
		8080774A2F7A67CD009BC8C4 /* openclient-llm-test.xctest */ = {isa = PBXFileReference; explicitFileType = wrapper.cfbundle; includeInIndex = 0; path = "openclient-llm-test.xctest"; sourceTree = BUILT_PRODUCTS_DIR; };
		8089F4102F7D000500465D6C /* Secrets.xcconfig */ = {isa = PBXFileReference; lastKnownFileType = text.xcconfig; path = Secrets.xcconfig; sourceTree = "<group>"; };
		8090B5BE2F9365D6006E9DAE /* ShareExtension.appex */ = {isa = PBXFileReference; explicitFileType = "wrapper.app-extension"; includeInIndex = 0; path = ShareExtension.appex; sourceTree = BUILT_PRODUCTS_DIR; };
		80E6877D2F9A24A000AC491E /* WidgetsExtension.appex */ = {isa = PBXFileReference; explicitFileType = "wrapper.app-extension"; includeInIndex = 0; path = WidgetsExtension.appex; sourceTree = BUILT_PRODUCTS_DIR; };
		80E6877F2F9A24A000AC491E /* WidgetKit.framework */ = {isa = PBXFileReference; lastKnownFileType = wrapper.framework; name = WidgetKit.framework; path = System/Library/Frameworks/WidgetKit.framework; sourceTree = SDKROOT; };
		80E687812F9A24A000AC491E /* SwiftUI.framework */ = {isa = PBXFileReference; lastKnownFileType = wrapper.framework; name = SwiftUI.framework; path = System/Library/Frameworks/SwiftUI.framework; sourceTree = SDKROOT; };
/* End PBXFileReference section */

/* Begin PBXFileSystemSynchronizedBuildFileExceptionSet section */
		80126ECB2F7A748E00A5557C /* Exceptions for "openclient-llm" folder in "openclient-llm-macOS" target */ = {
			isa = PBXFileSystemSynchronizedBuildFileExceptionSet;
			membershipExceptions = (
				App/AppDelegate.swift,
				App/OpenClientApp.swift,
				App/SceneDelegate.swift,
				Resources/Info.plist,
			);
			target = 808077392F7A66EF009BC8C4 /* openclient-llm-macOS */;
		};
		8041CF052F9A2CAC00CF6455 /* Exceptions for "openclient-llm" folder in "WidgetsExtension" target */ = {
			isa = PBXFileSystemSynchronizedBuildFileExceptionSet;
			membershipExceptions = (
				Shared/Resources/Localizable.xcstrings,
			);
			target = 80E6877C2F9A24A000AC491E /* WidgetsExtension */;
		};
		80701AF92F9A351B003A6C33 /* Exceptions for "Widgets" folder in "openclient-llm" target */ = {
			isa = PBXFileSystemSynchronizedBuildFileExceptionSet;
			membershipExceptions = (
				AppGroupStore.swift,
				NewChatControlIntent.swift,
				WidgetConversation.swift,
			);
			target = 805E798A2F79AC9B0070CBB3 /* openclient-llm */;
		};
		80701BFA2F9A3520003A6C44 /* Exceptions for "Widgets" folder in "openclient-llm-macOS" target */ = {
			isa = PBXFileSystemSynchronizedBuildFileExceptionSet;
			membershipExceptions = (
				AppGroupStore.swift,
				WidgetConversation.swift,
			);
			target = 808077392F7A66EF009BC8C4 /* openclient-llm-macOS */;
		};
		80850B982F7ABA9B00021598 /* Exceptions for "openclient-llm" folder in "openclient-llm" target */ = {
			isa = PBXFileSystemSynchronizedBuildFileExceptionSet;
			membershipExceptions = (
				Resources/Info.plist,
			);
			target = 805E798A2F79AC9B0070CBB3 /* openclient-llm */;
		};
		80850B9A2F7ABAA600021598 /* Exceptions for "openclient-llm-macOS" folder in "openclient-llm-macOS" target */ = {
			isa = PBXFileSystemSynchronizedBuildFileExceptionSet;
			membershipExceptions = (
				Resources/Info.plist,
			);
			target = 808077392F7A66EF009BC8C4 /* openclient-llm-macOS */;
		};
		8090B5CD2F9365D7006E9DAE /* Exceptions for "ShareExtension" folder in "ShareExtension" target */ = {
			isa = PBXFileSystemSynchronizedBuildFileExceptionSet;
			membershipExceptions = (
				Resources/Info.plist,
			);
			target = 8090B5BD2F9365D6006E9DAE /* ShareExtension */;
		};
		80E687952F9A24A200AC491E /* Exceptions for "Widgets" folder in "WidgetsExtension" target */ = {
			isa = PBXFileSystemSynchronizedBuildFileExceptionSet;
			membershipExceptions = (
				Resources/Info.plist,
			);
			target = 80E6877C2F9A24A000AC491E /* WidgetsExtension */;
		};
/* End PBXFileSystemSynchronizedBuildFileExceptionSet section */

/* Begin PBXFileSystemSynchronizedRootGroup section */
		800F26972F7A6352009A58C6 /* openclient-llm */ = {
			isa = PBXFileSystemSynchronizedRootGroup;
			exceptions = (
				80850B982F7ABA9B00021598 /* Exceptions for "openclient-llm" folder in "openclient-llm" target */,
				80126ECB2F7A748E00A5557C /* Exceptions for "openclient-llm" folder in "openclient-llm-macOS" target */,
				8041CF052F9A2CAC00CF6455 /* Exceptions for "openclient-llm" folder in "WidgetsExtension" target */,
			);
			path = "openclient-llm";
			sourceTree = "<group>";
		};
		8080773B2F7A66EF009BC8C4 /* openclient-llm-macOS */ = {
			isa = PBXFileSystemSynchronizedRootGroup;
			exceptions = (
				80850B9A2F7ABAA600021598 /* Exceptions for "openclient-llm-macOS" folder in "openclient-llm-macOS" target */,
			);
			path = "openclient-llm-macOS";
			sourceTree = "<group>";
		};
		8080774B2F7A67CD009BC8C4 /* openclient-llm-test */ = {
			isa = PBXFileSystemSynchronizedRootGroup;
			path = "openclient-llm-test";
			sourceTree = "<group>";
		};
		8090B5BF2F9365D6006E9DAE /* ShareExtension */ = {
			isa = PBXFileSystemSynchronizedRootGroup;
			exceptions = (
				8090B5CD2F9365D7006E9DAE /* Exceptions for "ShareExtension" folder in "ShareExtension" target */,
			);
			path = ShareExtension;
			sourceTree = "<group>";
		};
		80E687832F9A24A000AC491E /* Widgets */ = {
			isa = PBXFileSystemSynchronizedRootGroup;
			exceptions = (
				80701AF92F9A351B003A6C33 /* Exceptions for "Widgets" folder in "openclient-llm" target */,
				80701BFA2F9A3520003A6C44 /* Exceptions for "Widgets" folder in "openclient-llm-macOS" target */,
				80E687952F9A24A200AC491E /* Exceptions for "Widgets" folder in "WidgetsExtension" target */,
			);
			path = Widgets;
			sourceTree = "<group>";
		};
/* End PBXFileSystemSynchronizedRootGroup section */

/* Begin PBXFrameworksBuildPhase section */
		805E79882F79AC9B0070CBB3 /* Frameworks */ = {
			isa = PBXFrameworksBuildPhase;
			buildActionMask = 2147483647;
			files = (
				8042FA682F7B01E800F0E933 /* VoticeSDK in Frameworks */,
			);
			runOnlyForDeploymentPostprocessing = 0;
		};
		808077372F7A66EF009BC8C4 /* Frameworks */ = {
			isa = PBXFrameworksBuildPhase;
			buildActionMask = 2147483647;
			files = (
				8042FA6B2F7B01F800F0E933 /* VoticeSDK in Frameworks */,
			);
			runOnlyForDeploymentPostprocessing = 0;
		};
		808077472F7A67CD009BC8C4 /* Frameworks */ = {
			isa = PBXFrameworksBuildPhase;
			buildActionMask = 2147483647;
			files = (
			);
			runOnlyForDeploymentPostprocessing = 0;
		};
		8090B5BB2F9365D6006E9DAE /* Frameworks */ = {
			isa = PBXFrameworksBuildPhase;
			buildActionMask = 2147483647;
			files = (
			);
			runOnlyForDeploymentPostprocessing = 0;
		};
		80E6877A2F9A24A000AC491E /* Frameworks */ = {
			isa = PBXFrameworksBuildPhase;
			buildActionMask = 2147483647;
			files = (
				80E687822F9A24A000AC491E /* SwiftUI.framework in Frameworks */,
				80E687802F9A24A000AC491E /* WidgetKit.framework in Frameworks */,
			);
			runOnlyForDeploymentPostprocessing = 0;
		};
/* End PBXFrameworksBuildPhase section */

/* Begin PBXGroup section */
		805E79822F79AC9B0070CBB3 = {
			isa = PBXGroup;
			children = (
				800F26972F7A6352009A58C6 /* openclient-llm */,
				8080773B2F7A66EF009BC8C4 /* openclient-llm-macOS */,
				8080774B2F7A67CD009BC8C4 /* openclient-llm-test */,
				8090B5BF2F9365D6006E9DAE /* ShareExtension */,
				80E687832F9A24A000AC491E /* Widgets */,
				80E6877E2F9A24A000AC491E /* Frameworks */,
				805E798C2F79AC9B0070CBB3 /* Products */,
				8089F4102F7D000500465D6C /* Secrets.xcconfig */,
			);
			sourceTree = "<group>";
		};
		805E798C2F79AC9B0070CBB3 /* Products */ = {
			isa = PBXGroup;
			children = (
				805E798B2F79AC9B0070CBB3 /* openclient-llm.app */,
				8080773A2F7A66EF009BC8C4 /* OpenClient.app */,
				8080774A2F7A67CD009BC8C4 /* openclient-llm-test.xctest */,
				8090B5BE2F9365D6006E9DAE /* ShareExtension.appex */,
				80E6877D2F9A24A000AC491E /* WidgetsExtension.appex */,
			);
			name = Products;
			sourceTree = "<group>";
		};
		80E6877E2F9A24A000AC491E /* Frameworks */ = {
			isa = PBXGroup;
			children = (
				80E6877F2F9A24A000AC491E /* WidgetKit.framework */,
				80E687812F9A24A000AC491E /* SwiftUI.framework */,
			);
			name = Frameworks;
			sourceTree = "<group>";
		};
/* End PBXGroup section */

/* Begin PBXNativeTarget section */
		805E798A2F79AC9B0070CBB3 /* openclient-llm */ = {
			isa = PBXNativeTarget;
			buildConfigurationList = 805E79962F79AC9C0070CBB3 /* Build configuration list for PBXNativeTarget "openclient-llm" */;
			buildPhases = (
				805E79872F79AC9B0070CBB3 /* Sources */,
				805E79882F79AC9B0070CBB3 /* Frameworks */,
				805E79892F79AC9B0070CBB3 /* Resources */,
				808077352F7A668A009BC8C4 /* SwiftLint */,
				8090B5C92F9365D7006E9DAE /* Embed Foundation Extensions */,
			);
			buildRules = (
			);
			dependencies = (
				8090B5C72F9365D7006E9DAE /* PBXTargetDependency */,
				80E687902F9A24A200AC491E /* PBXTargetDependency */,
			);
			fileSystemSynchronizedGroups = (
				800F26972F7A6352009A58C6 /* openclient-llm */,
			);
			name = "openclient-llm";
			packageProductDependencies = (
				8042FA672F7B01E800F0E933 /* VoticeSDK */,
			);
			productName = "openclient-llm";
			productReference = 805E798B2F79AC9B0070CBB3 /* openclient-llm.app */;
			productType = "com.apple.product-type.application";
		};
		808077392F7A66EF009BC8C4 /* openclient-llm-macOS */ = {
			isa = PBXNativeTarget;
			buildConfigurationList = 808077422F7A66F1009BC8C4 /* Build configuration list for PBXNativeTarget "openclient-llm-macOS" */;
			buildPhases = (
				808077362F7A66EF009BC8C4 /* Sources */,
				808077372F7A66EF009BC8C4 /* Frameworks */,
				808077382F7A66EF009BC8C4 /* Resources */,
				808077452F7A6729009BC8C4 /* SwiftLint */,
			);
			buildRules = (
			);
			dependencies = (
			);
			fileSystemSynchronizedGroups = (
				800F26972F7A6352009A58C6 /* openclient-llm */,
				8080773B2F7A66EF009BC8C4 /* openclient-llm-macOS */,
			);
			name = "openclient-llm-macOS";
			packageProductDependencies = (
				8042FA6A2F7B01F800F0E933 /* VoticeSDK */,
			);
			productName = "openclient-llm-macOS";
			productReference = 8080773A2F7A66EF009BC8C4 /* OpenClient.app */;
			productType = "com.apple.product-type.application";
		};
		808077492F7A67CD009BC8C4 /* openclient-llm-test */ = {
			isa = PBXNativeTarget;
			buildConfigurationList = 808077502F7A67CD009BC8C4 /* Build configuration list for PBXNativeTarget "openclient-llm-test" */;
			buildPhases = (
				808077462F7A67CD009BC8C4 /* Sources */,
				808077472F7A67CD009BC8C4 /* Frameworks */,
				808077482F7A67CD009BC8C4 /* Resources */,
			);
			buildRules = (
			);
			dependencies = (
				8080774F2F7A67CD009BC8C4 /* PBXTargetDependency */,
			);
			fileSystemSynchronizedGroups = (
				8080774B2F7A67CD009BC8C4 /* openclient-llm-test */,
			);
			name = "openclient-llm-test";
			packageProductDependencies = (
			);
			productName = "openclient-llm-test";
			productReference = 8080774A2F7A67CD009BC8C4 /* openclient-llm-test.xctest */;
			productType = "com.apple.product-type.bundle.unit-test";
		};
		8090B5BD2F9365D6006E9DAE /* ShareExtension */ = {
			isa = PBXNativeTarget;
			buildConfigurationList = 8090B5CC2F9365D7006E9DAE /* Build configuration list for PBXNativeTarget "ShareExtension" */;
			buildPhases = (
				8090B5BA2F9365D6006E9DAE /* Sources */,
				8090B5BB2F9365D6006E9DAE /* Frameworks */,
				8090B5BC2F9365D6006E9DAE /* Resources */,
			);
			buildRules = (
			);
			dependencies = (
			);
			fileSystemSynchronizedGroups = (
				8090B5BF2F9365D6006E9DAE /* ShareExtension */,
			);
			name = ShareExtension;
			packageProductDependencies = (
			);
			productName = ShareExtension;
			productReference = 8090B5BE2F9365D6006E9DAE /* ShareExtension.appex */;
			productType = "com.apple.product-type.app-extension";
		};
		80E6877C2F9A24A000AC491E /* WidgetsExtension */ = {
			isa = PBXNativeTarget;
			buildConfigurationList = 80E687942F9A24A200AC491E /* Build configuration list for PBXNativeTarget "WidgetsExtension" */;
			buildPhases = (
				80E687792F9A24A000AC491E /* Sources */,
				80E6877A2F9A24A000AC491E /* Frameworks */,
				80E6877B2F9A24A000AC491E /* Resources */,
			);
			buildRules = (
			);
			dependencies = (
			);
			fileSystemSynchronizedGroups = (
				80E687832F9A24A000AC491E /* Widgets */,
			);
			name = WidgetsExtension;
			packageProductDependencies = (
			);
			productName = widgetsExtension;
			productReference = 80E6877D2F9A24A000AC491E /* WidgetsExtension.appex */;
			productType = "com.apple.product-type.app-extension";
		};
/* End PBXNativeTarget section */

/* Begin PBXProject section */
		805E79832F79AC9B0070CBB3 /* Project object */ = {
			isa = PBXProject;
			attributes = {
				BuildIndependentTargetsInParallel = 1;
				LastSwiftUpdateCheck = 2640;
				LastUpgradeCheck = 2640;
				ORGANIZATIONNAME = "Arturo Carretero Calvo";
				TargetAttributes = {
					805E798A2F79AC9B0070CBB3 = {
						CreatedOnToolsVersion = 26.4;
					};
					808077392F7A66EF009BC8C4 = {
						CreatedOnToolsVersion = 26.4;
					};
					808077492F7A67CD009BC8C4 = {
						CreatedOnToolsVersion = 26.4;
						TestTargetID = 805E798A2F79AC9B0070CBB3;
					};
					8090B5BD2F9365D6006E9DAE = {
						CreatedOnToolsVersion = 26.4;
					};
					80E6877C2F9A24A000AC491E = {
						CreatedOnToolsVersion = 26.4.1;
					};
				};
			};
			buildConfigurationList = 805E79862F79AC9B0070CBB3 /* Build configuration list for PBXProject "openclient-llm" */;
			developmentRegion = en;
			hasScannedForEncodings = 0;
			knownRegions = (
				en,
				Base,
				fr,
				de,
				"pt-PT",
				es,
				it,
				ja,
				nl,
				el,
				sv,
			);
			mainGroup = 805E79822F79AC9B0070CBB3;
			minimizedProjectReferenceProxies = 1;
			packageReferences = (
				808077342F7A6664009BC8C4 /* XCRemoteSwiftPackageReference "SwiftLintPlugins" */,
				8042FA662F7B01E800F0E933 /* XCRemoteSwiftPackageReference "votice-sdk" */,
			);
			preferredProjectObjectVersion = 77;
			productRefGroup = 805E798C2F79AC9B0070CBB3 /* Products */;
			projectDirPath = "";
			projectRoot = "";
			targets = (
				805E798A2F79AC9B0070CBB3 /* openclient-llm */,
				808077392F7A66EF009BC8C4 /* openclient-llm-macOS */,
				808077492F7A67CD009BC8C4 /* openclient-llm-test */,
				8090B5BD2F9365D6006E9DAE /* ShareExtension */,
				80E6877C2F9A24A000AC491E /* WidgetsExtension */,
			);
		};
/* End PBXProject section */

/* Begin PBXResourcesBuildPhase section */
		805E79892F79AC9B0070CBB3 /* Resources */ = {
			isa = PBXResourcesBuildPhase;
			buildActionMask = 2147483647;
			files = (
				8089F4112F7D000500465D6C /* Secrets.xcconfig in Resources */,
			);
			runOnlyForDeploymentPostprocessing = 0;
		};
		808077382F7A66EF009BC8C4 /* Resources */ = {
			isa = PBXResourcesBuildPhase;
			buildActionMask = 2147483647;
			files = (
				8089F4122F7D000500465D6C /* Secrets.xcconfig in Resources */,
			);
			runOnlyForDeploymentPostprocessing = 0;
		};
		808077482F7A67CD009BC8C4 /* Resources */ = {
			isa = PBXResourcesBuildPhase;
			buildActionMask = 2147483647;
			files = (
			);
			runOnlyForDeploymentPostprocessing = 0;
		};
		8090B5BC2F9365D6006E9DAE /* Resources */ = {
			isa = PBXResourcesBuildPhase;
			buildActionMask = 2147483647;
			files = (
			);
			runOnlyForDeploymentPostprocessing = 0;
		};
		80E6877B2F9A24A000AC491E /* Resources */ = {
			isa = PBXResourcesBuildPhase;
			buildActionMask = 2147483647;
			files = (
			);
			runOnlyForDeploymentPostprocessing = 0;
		};
/* End PBXResourcesBuildPhase section */

/* Begin PBXShellScriptBuildPhase section */
		808077352F7A668A009BC8C4 /* SwiftLint */ = {
			isa = PBXShellScriptBuildPhase;
			alwaysOutOfDate = 1;
			buildActionMask = 2147483647;
			files = (
			);
			inputFileListPaths = (
			);
			inputPaths = (
			);
			name = SwiftLint;
			outputFileListPaths = (
			);
			outputPaths = (
			);
			runOnlyForDeploymentPostprocessing = 0;
			shellPath = /bin/sh;
			shellScript = "SWIFT_PACKAGE_DIR=\"${SWIFT_PACKAGE_DIR:-${BUILD_DIR%Build/*}SourcePackages}\"\nSWIFTLINT_CMD=\"$SWIFT_PACKAGE_DIR/artifacts/swiftlintplugins/SwiftLintBinary/SwiftLintBinary.artifactbundle/macos/swiftlint\"\n\nif test -f \"$SWIFTLINT_CMD\" 2>&1\nthen\n    \"$SWIFTLINT_CMD\"\nelse\n    echo \"warning: `swiftlint` command not found - See https://github.com/realm/SwiftLint#xcode-run-script-build-phase for installation instructions.\"\nfi\n";
		};
		808077452F7A6729009BC8C4 /* SwiftLint */ = {
			isa = PBXShellScriptBuildPhase;
			alwaysOutOfDate = 1;
			buildActionMask = 2147483647;
			files = (
			);
			inputFileListPaths = (
			);
			inputPaths = (
			);
			name = SwiftLint;
			outputFileListPaths = (
			);
			outputPaths = (
			);
			runOnlyForDeploymentPostprocessing = 0;
			shellPath = /bin/sh;
			shellScript = "SWIFT_PACKAGE_DIR=\"${SWIFT_PACKAGE_DIR:-${BUILD_DIR%Build/*}SourcePackages}\"\nSWIFTLINT_CMD=\"$SWIFT_PACKAGE_DIR/artifacts/swiftlintplugins/SwiftLintBinary/SwiftLintBinary.artifactbundle/macos/swiftlint\"\n\nif test -f \"$SWIFTLINT_CMD\" 2>&1\nthen\n    \"$SWIFTLINT_CMD\"\nelse\n    echo \"warning: `swiftlint` command not found - See https://github.com/realm/SwiftLint#xcode-run-script-build-phase for installation instructions.\"\nfi\n";
		};
/* End PBXShellScriptBuildPhase section */

/* Begin PBXSourcesBuildPhase section */
		805E79872F79AC9B0070CBB3 /* Sources */ = {
			isa = PBXSourcesBuildPhase;
			buildActionMask = 2147483647;
			files = (
			);
			runOnlyForDeploymentPostprocessing = 0;
		};
		808077362F7A66EF009BC8C4 /* Sources */ = {
			isa = PBXSourcesBuildPhase;
			buildActionMask = 2147483647;
			files = (
			);
			runOnlyForDeploymentPostprocessing = 0;
		};
		808077462F7A67CD009BC8C4 /* Sources */ = {
			isa = PBXSourcesBuildPhase;
			buildActionMask = 2147483647;
			files = (
			);
			runOnlyForDeploymentPostprocessing = 0;
		};
		8090B5BA2F9365D6006E9DAE /* Sources */ = {
			isa = PBXSourcesBuildPhase;
			buildActionMask = 2147483647;
			files = (
			);
			runOnlyForDeploymentPostprocessing = 0;
		};
		80E687792F9A24A000AC491E /* Sources */ = {
			isa = PBXSourcesBuildPhase;
			buildActionMask = 2147483647;
			files = (
			);
			runOnlyForDeploymentPostprocessing = 0;
		};
/* End PBXSourcesBuildPhase section */

/* Begin PBXTargetDependency section */
		8080774F2F7A67CD009BC8C4 /* PBXTargetDependency */ = {
			isa = PBXTargetDependency;
			target = 805E798A2F79AC9B0070CBB3 /* openclient-llm */;
			targetProxy = 8080774E2F7A67CD009BC8C4 /* PBXContainerItemProxy */;
		};
		8090B5C72F9365D7006E9DAE /* PBXTargetDependency */ = {
			isa = PBXTargetDependency;
			target = 8090B5BD2F9365D6006E9DAE /* ShareExtension */;
			targetProxy = 8090B5C62F9365D7006E9DAE /* PBXContainerItemProxy */;
		};
		80E687902F9A24A200AC491E /* PBXTargetDependency */ = {
			isa = PBXTargetDependency;
			target = 80E6877C2F9A24A000AC491E /* WidgetsExtension */;
			targetProxy = 80E6878F2F9A24A200AC491E /* PBXContainerItemProxy */;
		};
/* End PBXTargetDependency section */

/* Begin XCBuildConfiguration section */
		805E79942F79AC9C0070CBB3 /* Debug */ = {
			isa = XCBuildConfiguration;
			buildSettings = {
				ALWAYS_SEARCH_USER_PATHS = NO;
				ASSETCATALOG_COMPILER_GENERATE_SWIFT_ASSET_SYMBOL_EXTENSIONS = YES;
				CLANG_ANALYZER_NONNULL = YES;
				CLANG_ANALYZER_NUMBER_OBJECT_CONVERSION = YES_AGGRESSIVE;
				CLANG_CXX_LANGUAGE_STANDARD = "gnu++20";
				CLANG_ENABLE_MODULES = YES;
				CLANG_ENABLE_OBJC_ARC = YES;
				CLANG_ENABLE_OBJC_WEAK = YES;
				CLANG_WARN_BLOCK_CAPTURE_AUTORELEASING = YES;
				CLANG_WARN_BOOL_CONVERSION = YES;
				CLANG_WARN_COMMA = YES;
				CLANG_WARN_CONSTANT_CONVERSION = YES;
				CLANG_WARN_DEPRECATED_OBJC_IMPLEMENTATIONS = YES;
				CLANG_WARN_DIRECT_OBJC_ISA_USAGE = YES_ERROR;
				CLANG_WARN_DOCUMENTATION_COMMENTS = YES;
				CLANG_WARN_EMPTY_BODY = YES;
				CLANG_WARN_ENUM_CONVERSION = YES;
				CLANG_WARN_INFINITE_RECURSION = YES;
				CLANG_WARN_INT_CONVERSION = YES;
				CLANG_WARN_NON_LITERAL_NULL_CONVERSION = YES;
				CLANG_WARN_OBJC_IMPLICIT_RETAIN_SELF = YES;
				CLANG_WARN_OBJC_LITERAL_CONVERSION = YES;
				CLANG_WARN_OBJC_ROOT_CLASS = YES_ERROR;
				CLANG_WARN_QUOTED_INCLUDE_IN_FRAMEWORK_HEADER = YES;
				CLANG_WARN_RANGE_LOOP_ANALYSIS = YES;
				CLANG_WARN_STRICT_PROTOTYPES = YES;
				CLANG_WARN_SUSPICIOUS_MOVE = YES;
				CLANG_WARN_UNGUARDED_AVAILABILITY = YES_AGGRESSIVE;
				CLANG_WARN_UNREACHABLE_CODE = YES;
				CLANG_WARN__DUPLICATE_METHOD_MATCH = YES;
				COPY_PHASE_STRIP = NO;
				DEBUG_INFORMATION_FORMAT = "dwarf-with-dsym";
				DEVELOPMENT_TEAM = Q4X55987WE;
				ENABLE_STRICT_OBJC_MSGSEND = YES;
				ENABLE_TESTABILITY = YES;
				ENABLE_USER_SCRIPT_SANDBOXING = YES;
				GCC_C_LANGUAGE_STANDARD = gnu17;
				GCC_DYNAMIC_NO_PIC = NO;
				GCC_NO_COMMON_BLOCKS = YES;
				GCC_OPTIMIZATION_LEVEL = 0;
				GCC_PREPROCESSOR_DEFINITIONS = (
					"DEBUG=1",
					"$(inherited)",
				);
				GCC_WARN_64_TO_32_BIT_CONVERSION = YES;
				GCC_WARN_ABOUT_RETURN_TYPE = YES_ERROR;
				GCC_WARN_UNDECLARED_SELECTOR = YES;
				GCC_WARN_UNINITIALIZED_AUTOS = YES_AGGRESSIVE;
				GCC_WARN_UNUSED_FUNCTION = YES;
				GCC_WARN_UNUSED_VARIABLE = YES;
				IPHONEOS_DEPLOYMENT_TARGET = 26.4;
				LOCALIZATION_PREFERS_STRING_CATALOGS = YES;
				MTL_ENABLE_DEBUG_INFO = INCLUDE_SOURCE;
				MTL_FAST_MATH = YES;
				ONLY_ACTIVE_ARCH = YES;
				SDKROOT = iphoneos;
				SWIFT_ACTIVE_COMPILATION_CONDITIONS = "DEBUG $(inherited)";
				SWIFT_EMIT_LOC_STRINGS = YES;
				SWIFT_OPTIMIZATION_LEVEL = "-Onone";
				SWIFT_VERSION = 6.0;
			};
			name = Debug;
		};
		805E79952F79AC9C0070CBB3 /* Release */ = {
			isa = XCBuildConfiguration;
			buildSettings = {
				ALWAYS_SEARCH_USER_PATHS = NO;
				ASSETCATALOG_COMPILER_GENERATE_SWIFT_ASSET_SYMBOL_EXTENSIONS = YES;
				CLANG_ANALYZER_NONNULL = YES;
				CLANG_ANALYZER_NUMBER_OBJECT_CONVERSION = YES_AGGRESSIVE;
				CLANG_CXX_LANGUAGE_STANDARD = "gnu++20";
				CLANG_ENABLE_MODULES = YES;
				CLANG_ENABLE_OBJC_ARC = YES;
				CLANG_ENABLE_OBJC_WEAK = YES;
				CLANG_WARN_BLOCK_CAPTURE_AUTORELEASING = YES;
				CLANG_WARN_BOOL_CONVERSION = YES;
				CLANG_WARN_COMMA = YES;
				CLANG_WARN_CONSTANT_CONVERSION = YES;
				CLANG_WARN_DEPRECATED_OBJC_IMPLEMENTATIONS = YES;
				CLANG_WARN_DIRECT_OBJC_ISA_USAGE = YES_ERROR;
				CLANG_WARN_DOCUMENTATION_COMMENTS = YES;
				CLANG_WARN_EMPTY_BODY = YES;
				CLANG_WARN_ENUM_CONVERSION = YES;
				CLANG_WARN_INFINITE_RECURSION = YES;
				CLANG_WARN_INT_CONVERSION = YES;
				CLANG_WARN_NON_LITERAL_NULL_CONVERSION = YES;
				CLANG_WARN_OBJC_IMPLICIT_RETAIN_SELF = YES;
				CLANG_WARN_OBJC_LITERAL_CONVERSION = YES;
				CLANG_WARN_OBJC_ROOT_CLASS = YES_ERROR;
				CLANG_WARN_QUOTED_INCLUDE_IN_FRAMEWORK_HEADER = YES;
				CLANG_WARN_RANGE_LOOP_ANALYSIS = YES;
				CLANG_WARN_STRICT_PROTOTYPES = YES;
				CLANG_WARN_SUSPICIOUS_MOVE = YES;
				CLANG_WARN_UNGUARDED_AVAILABILITY = YES_AGGRESSIVE;
				CLANG_WARN_UNREACHABLE_CODE = YES;
				CLANG_WARN__DUPLICATE_METHOD_MATCH = YES;
				COPY_PHASE_STRIP = NO;
				DEBUG_INFORMATION_FORMAT = "dwarf-with-dsym";
				DEVELOPMENT_TEAM = Q4X55987WE;
				ENABLE_NS_ASSERTIONS = NO;
				ENABLE_STRICT_OBJC_MSGSEND = YES;
				ENABLE_USER_SCRIPT_SANDBOXING = YES;
				GCC_C_LANGUAGE_STANDARD = gnu17;
				GCC_NO_COMMON_BLOCKS = YES;
				GCC_WARN_64_TO_32_BIT_CONVERSION = YES;
				GCC_WARN_ABOUT_RETURN_TYPE = YES_ERROR;
				GCC_WARN_UNDECLARED_SELECTOR = YES;
				GCC_WARN_UNINITIALIZED_AUTOS = YES_AGGRESSIVE;
				GCC_WARN_UNUSED_FUNCTION = YES;
				GCC_WARN_UNUSED_VARIABLE = YES;
				IPHONEOS_DEPLOYMENT_TARGET = 26.4;
				LOCALIZATION_PREFERS_STRING_CATALOGS = YES;
				MTL_ENABLE_DEBUG_INFO = NO;
				MTL_FAST_MATH = YES;
				SDKROOT = iphoneos;
				SWIFT_COMPILATION_MODE = wholemodule;
				SWIFT_EMIT_LOC_STRINGS = YES;
				SWIFT_VERSION = 6.0;
				VALIDATE_PRODUCT = YES;
			};
			name = Release;
		};
		805E79972F79AC9C0070CBB3 /* Debug */ = {
			isa = XCBuildConfiguration;
			baseConfigurationReference = 8089F4102F7D000500465D6C /* Secrets.xcconfig */;
			buildSettings = {
				ASSETCATALOG_COMPILER_APPICON_NAME = Icon;
				ASSETCATALOG_COMPILER_GLOBAL_ACCENT_COLOR_NAME = AccentColor;
				CODE_SIGN_ENTITLEMENTS = "openclient-llm/Resources/openclient-llm.entitlements";
				CODE_SIGN_STYLE = Automatic;
				CURRENT_PROJECT_VERSION = 1;
				DEVELOPMENT_TEAM = Q4X55987WE;
				ENABLE_PREVIEWS = YES;
				ENABLE_USER_SCRIPT_SANDBOXING = NO;
				GENERATE_INFOPLIST_FILE = YES;
				INFOPLIST_FILE = "openclient-llm/Resources/Info.plist";
				INFOPLIST_KEY_CFBundleDisplayName = OpenClient;
				INFOPLIST_KEY_ITSAppUsesNonExemptEncryption = NO;
				INFOPLIST_KEY_LSApplicationCategoryType = "public.app-category.productivity";
				INFOPLIST_KEY_NSCameraUsageDescription = "OpenClient uses the camera to capture photos for sending to the AI model.";
				INFOPLIST_KEY_NSLocalNetworkUsageDescription = "OpenClient needs access to your local network to connect to your self-hosted LiteLLM server.";
				INFOPLIST_KEY_NSMicrophoneUsageDescription = "OpenClient uses the microphone to record audio for transcription by the AI model.";
				INFOPLIST_KEY_NSPhotoLibraryAddUsageDescription = "Save generated images to your photo library.";
				INFOPLIST_KEY_NSSpeechRecognitionUsageDescription = "OpenClient uses speech recognition to transcribe your voice locally on device.";
				INFOPLIST_KEY_UIApplicationSceneManifest_Generation = YES;
				INFOPLIST_KEY_UIApplicationSupportsIndirectInputEvents = YES;
				INFOPLIST_KEY_UILaunchScreen_Generation = YES;
				INFOPLIST_KEY_UISupportedInterfaceOrientations = UIInterfaceOrientationPortrait;
				INFOPLIST_KEY_UISupportedInterfaceOrientations_iPad = "UIInterfaceOrientationLandscapeLeft UIInterfaceOrientationLandscapeRight UIInterfaceOrientationPortrait UIInterfaceOrientationPortraitUpsideDown";
				IPHONEOS_DEPLOYMENT_TARGET = 26.0;
				LD_RUNPATH_SEARCH_PATHS = (
					"$(inherited)",
					"@executable_path/Frameworks",
				);
				MARKETING_VERSION = 1.4.0;
				PRODUCT_BUNDLE_IDENTIFIER = "com.artcc.openclient-llm";
				PRODUCT_NAME = "$(TARGET_NAME)";
				STRING_CATALOG_GENERATE_SYMBOLS = YES;
				SUPPORTED_PLATFORMS = "iphoneos iphonesimulator";
				SUPPORTS_MACCATALYST = NO;
				SUPPORTS_MAC_DESIGNED_FOR_IPHONE_IPAD = NO;
				SWIFT_APPROACHABLE_CONCURRENCY = YES;
				SWIFT_DEFAULT_ACTOR_ISOLATION = MainActor;
				SWIFT_EMIT_LOC_STRINGS = YES;
				SWIFT_UPCOMING_FEATURE_MEMBER_IMPORT_VISIBILITY = YES;
				SWIFT_VERSION = 6.0;
				TARGETED_DEVICE_FAMILY = "1,2";
			};
			name = Debug;
		};
		805E79982F79AC9C0070CBB3 /* Release */ = {
			isa = XCBuildConfiguration;
			baseConfigurationReference = 8089F4102F7D000500465D6C /* Secrets.xcconfig */;
			buildSettings = {
				ASSETCATALOG_COMPILER_APPICON_NAME = Icon;
				ASSETCATALOG_COMPILER_GLOBAL_ACCENT_COLOR_NAME = AccentColor;
				CODE_SIGN_ENTITLEMENTS = "openclient-llm/Resources/openclient-llm.entitlements";
				CODE_SIGN_STYLE = Automatic;
				CURRENT_PROJECT_VERSION = 1;
				DEVELOPMENT_TEAM = Q4X55987WE;
				ENABLE_PREVIEWS = YES;
				ENABLE_USER_SCRIPT_SANDBOXING = NO;
				GENERATE_INFOPLIST_FILE = YES;
				INFOPLIST_FILE = "openclient-llm/Resources/Info.plist";
				INFOPLIST_KEY_CFBundleDisplayName = OpenClient;
				INFOPLIST_KEY_ITSAppUsesNonExemptEncryption = NO;
				INFOPLIST_KEY_LSApplicationCategoryType = "public.app-category.productivity";
				INFOPLIST_KEY_NSCameraUsageDescription = "OpenClient uses the camera to capture photos for sending to the AI model.";
				INFOPLIST_KEY_NSLocalNetworkUsageDescription = "OpenClient needs access to your local network to connect to your self-hosted LiteLLM server.";
				INFOPLIST_KEY_NSMicrophoneUsageDescription = "OpenClient uses the microphone to record audio for transcription by the AI model.";
				INFOPLIST_KEY_NSPhotoLibraryAddUsageDescription = "Save generated images to your photo library.";
				INFOPLIST_KEY_NSSpeechRecognitionUsageDescription = "OpenClient uses speech recognition to transcribe your voice locally on device.";
				INFOPLIST_KEY_UIApplicationSceneManifest_Generation = YES;
				INFOPLIST_KEY_UIApplicationSupportsIndirectInputEvents = YES;
				INFOPLIST_KEY_UILaunchScreen_Generation = YES;
				INFOPLIST_KEY_UISupportedInterfaceOrientations = UIInterfaceOrientationPortrait;
				INFOPLIST_KEY_UISupportedInterfaceOrientations_iPad = "UIInterfaceOrientationLandscapeLeft UIInterfaceOrientationLandscapeRight UIInterfaceOrientationPortrait UIInterfaceOrientationPortraitUpsideDown";
				IPHONEOS_DEPLOYMENT_TARGET = 26.0;
				LD_RUNPATH_SEARCH_PATHS = (
					"$(inherited)",
					"@executable_path/Frameworks",
				);
				MARKETING_VERSION = 1.4.0;
				PRODUCT_BUNDLE_IDENTIFIER = "com.artcc.openclient-llm";
				PRODUCT_NAME = "$(TARGET_NAME)";
				STRING_CATALOG_GENERATE_SYMBOLS = YES;
				SUPPORTED_PLATFORMS = "iphoneos iphonesimulator";
				SUPPORTS_MACCATALYST = NO;
				SUPPORTS_MAC_DESIGNED_FOR_IPHONE_IPAD = NO;
				SWIFT_APPROACHABLE_CONCURRENCY = YES;
				SWIFT_DEFAULT_ACTOR_ISOLATION = MainActor;
				SWIFT_EMIT_LOC_STRINGS = YES;
				SWIFT_UPCOMING_FEATURE_MEMBER_IMPORT_VISIBILITY = YES;
				SWIFT_VERSION = 6.0;
				TARGETED_DEVICE_FAMILY = "1,2";
			};
			name = Release;
		};
		808077432F7A66F1009BC8C4 /* Debug */ = {
			isa = XCBuildConfiguration;
			baseConfigurationReference = 8089F4102F7D000500465D6C /* Secrets.xcconfig */;
			buildSettings = {
				ASSETCATALOG_COMPILER_APPICON_NAME = Icon;
				ASSETCATALOG_COMPILER_GLOBAL_ACCENT_COLOR_NAME = AccentColor;
				CODE_SIGN_ENTITLEMENTS = "openclient-llm-macOS/Resources/openclient-llm-macOS.entitlements";
				CODE_SIGN_STYLE = Automatic;
				COMBINE_HIDPI_IMAGES = YES;
				CURRENT_PROJECT_VERSION = 1;
				DEBUG_INFORMATION_FORMAT = "dwarf-with-dsym";
				DEVELOPMENT_TEAM = Q4X55987WE;
				ENABLE_APP_SANDBOX = YES;
				ENABLE_HARDENED_RUNTIME = YES;
				ENABLE_INCOMING_NETWORK_CONNECTIONS = NO;
				ENABLE_OUTGOING_NETWORK_CONNECTIONS = YES;
				ENABLE_PREVIEWS = YES;
				ENABLE_RESOURCE_ACCESS_AUDIO_INPUT = NO;
				ENABLE_RESOURCE_ACCESS_BLUETOOTH = NO;
				ENABLE_RESOURCE_ACCESS_CALENDARS = NO;
				ENABLE_RESOURCE_ACCESS_CAMERA = NO;
				ENABLE_RESOURCE_ACCESS_CONTACTS = NO;
				ENABLE_RESOURCE_ACCESS_LOCATION = NO;
				ENABLE_RESOURCE_ACCESS_PRINTING = NO;
				ENABLE_RESOURCE_ACCESS_USB = NO;
				ENABLE_USER_SCRIPT_SANDBOXING = NO;
				ENABLE_USER_SELECTED_FILES = readonly;
				GENERATE_INFOPLIST_FILE = YES;
				INFOPLIST_FILE = "openclient-llm-macOS/Resources/Info.plist";
				INFOPLIST_KEY_CFBundleDisplayName = OpenClient;
				INFOPLIST_KEY_ITSAppUsesNonExemptEncryption = NO;
				INFOPLIST_KEY_LSApplicationCategoryType = "public.app-category.productivity";
				INFOPLIST_KEY_NSHumanReadableCopyright = "Copyright © 2026 Arturo Carretero Calvo. All rights reserved.";
				INFOPLIST_KEY_NSLocalNetworkUsageDescription = "OpenClient needs access to your local network to connect to your self-hosted LiteLLM server.";
				INFOPLIST_KEY_NSMicrophoneUsageDescription = "OpenClient uses the microphone to record audio for transcription by the AI model.";
				INFOPLIST_KEY_NSSpeechRecognitionUsageDescription = "OpenClient uses speech recognition to transcribe your voice locally on device.";
				LD_RUNPATH_SEARCH_PATHS = (
					"$(inherited)",
					"@executable_path/../Frameworks",
				);
				MACOSX_DEPLOYMENT_TARGET = 26.0;
				MARKETING_VERSION = 1.4.0;
				PRODUCT_BUNDLE_IDENTIFIER = "com.artcc.openclient-llm";
				PRODUCT_NAME = OpenClient;
				REGISTER_APP_GROUPS = YES;
				SDKROOT = macosx;
				STRING_CATALOG_GENERATE_SYMBOLS = YES;
				SWIFT_APPROACHABLE_CONCURRENCY = YES;
				SWIFT_DEFAULT_ACTOR_ISOLATION = MainActor;
				SWIFT_EMIT_LOC_STRINGS = YES;
				SWIFT_UPCOMING_FEATURE_MEMBER_IMPORT_VISIBILITY = YES;
				SWIFT_VERSION = 6.0;
			};
			name = Debug;
		};
		808077442F7A66F1009BC8C4 /* Release */ = {
			isa = XCBuildConfiguration;
			baseConfigurationReference = 8089F4102F7D000500465D6C /* Secrets.xcconfig */;
			buildSettings = {
				ASSETCATALOG_COMPILER_APPICON_NAME = Icon;
				ASSETCATALOG_COMPILER_GLOBAL_ACCENT_COLOR_NAME = AccentColor;
				CODE_SIGN_ENTITLEMENTS = "openclient-llm-macOS/Resources/openclient-llm-macOS.entitlements";
				CODE_SIGN_STYLE = Automatic;
				COMBINE_HIDPI_IMAGES = YES;
				CURRENT_PROJECT_VERSION = 1;
				DEBUG_INFORMATION_FORMAT = "dwarf-with-dsym";
				DEVELOPMENT_TEAM = Q4X55987WE;
				ENABLE_APP_SANDBOX = YES;
				ENABLE_HARDENED_RUNTIME = YES;
				ENABLE_INCOMING_NETWORK_CONNECTIONS = NO;
				ENABLE_OUTGOING_NETWORK_CONNECTIONS = YES;
				ENABLE_PREVIEWS = YES;
				ENABLE_RESOURCE_ACCESS_AUDIO_INPUT = NO;
				ENABLE_RESOURCE_ACCESS_BLUETOOTH = NO;
				ENABLE_RESOURCE_ACCESS_CALENDARS = NO;
				ENABLE_RESOURCE_ACCESS_CAMERA = NO;
				ENABLE_RESOURCE_ACCESS_CONTACTS = NO;
				ENABLE_RESOURCE_ACCESS_LOCATION = NO;
				ENABLE_RESOURCE_ACCESS_PRINTING = NO;
				ENABLE_RESOURCE_ACCESS_USB = NO;
				ENABLE_USER_SCRIPT_SANDBOXING = NO;
				ENABLE_USER_SELECTED_FILES = readonly;
				GENERATE_INFOPLIST_FILE = YES;
				INFOPLIST_FILE = "openclient-llm-macOS/Resources/Info.plist";
				INFOPLIST_KEY_CFBundleDisplayName = OpenClient;
				INFOPLIST_KEY_ITSAppUsesNonExemptEncryption = NO;
				INFOPLIST_KEY_LSApplicationCategoryType = "public.app-category.productivity";
				INFOPLIST_KEY_NSHumanReadableCopyright = "Copyright © 2026 Arturo Carretero Calvo. All rights reserved.";
				INFOPLIST_KEY_NSLocalNetworkUsageDescription = "OpenClient needs access to your local network to connect to your self-hosted LiteLLM server.";
				INFOPLIST_KEY_NSMicrophoneUsageDescription = "OpenClient uses the microphone to record audio for transcription by the AI model.";
				INFOPLIST_KEY_NSSpeechRecognitionUsageDescription = "OpenClient uses speech recognition to transcribe your voice locally on device.";
				LD_RUNPATH_SEARCH_PATHS = (
					"$(inherited)",
					"@executable_path/../Frameworks",
				);
				MACOSX_DEPLOYMENT_TARGET = 26.0;
				MARKETING_VERSION = 1.4.0;
				PRODUCT_BUNDLE_IDENTIFIER = "com.artcc.openclient-llm";
				PRODUCT_NAME = OpenClient;
				REGISTER_APP_GROUPS = YES;
				SDKROOT = macosx;
				STRING_CATALOG_GENERATE_SYMBOLS = YES;
				SWIFT_APPROACHABLE_CONCURRENCY = YES;
				SWIFT_DEFAULT_ACTOR_ISOLATION = MainActor;
				SWIFT_EMIT_LOC_STRINGS = YES;
				SWIFT_UPCOMING_FEATURE_MEMBER_IMPORT_VISIBILITY = YES;
				SWIFT_VERSION = 6.0;
			};
			name = Release;
		};
		808077512F7A67CD009BC8C4 /* Debug */ = {
			isa = XCBuildConfiguration;
			buildSettings = {
				BUNDLE_LOADER = "$(TEST_HOST)";
				CODE_SIGN_STYLE = Automatic;
				CURRENT_PROJECT_VERSION = 1;
				DEBUG_INFORMATION_FORMAT = dwarf;
				DEVELOPMENT_TEAM = Q4X55987WE;
				GENERATE_INFOPLIST_FILE = YES;
				IPHONEOS_DEPLOYMENT_TARGET = 26.0;
				MARKETING_VERSION = 1.0.0;
				PRODUCT_BUNDLE_IDENTIFIER = "com.artcc.openclient-llm-test";
				PRODUCT_NAME = "$(TARGET_NAME)";
				STRING_CATALOG_GENERATE_SYMBOLS = NO;
				SWIFT_APPROACHABLE_CONCURRENCY = YES;
				SWIFT_EMIT_LOC_STRINGS = NO;
				SWIFT_UPCOMING_FEATURE_MEMBER_IMPORT_VISIBILITY = YES;
				SWIFT_VERSION = 6.0;
				TARGETED_DEVICE_FAMILY = "1,2";
				TEST_HOST = "$(BUILT_PRODUCTS_DIR)/openclient-llm.app/$(BUNDLE_EXECUTABLE_FOLDER_PATH)/openclient-llm";
			};
			name = Debug;
		};
		808077522F7A67CD009BC8C4 /* Release */ = {
			isa = XCBuildConfiguration;
			buildSettings = {
				BUNDLE_LOADER = "$(TEST_HOST)";
				CODE_SIGN_STYLE = Automatic;
				CURRENT_PROJECT_VERSION = 1;
				DEVELOPMENT_TEAM = Q4X55987WE;
				GENERATE_INFOPLIST_FILE = YES;
				IPHONEOS_DEPLOYMENT_TARGET = 26.0;
				MARKETING_VERSION = 1.0.0;
				PRODUCT_BUNDLE_IDENTIFIER = "com.artcc.openclient-llm-test";
				PRODUCT_NAME = "$(TARGET_NAME)";
				STRING_CATALOG_GENERATE_SYMBOLS = NO;
				SWIFT_APPROACHABLE_CONCURRENCY = YES;
				SWIFT_EMIT_LOC_STRINGS = NO;
				SWIFT_UPCOMING_FEATURE_MEMBER_IMPORT_VISIBILITY = YES;
				SWIFT_VERSION = 6.0;
				TARGETED_DEVICE_FAMILY = "1,2";
				TEST_HOST = "$(BUILT_PRODUCTS_DIR)/openclient-llm.app/$(BUNDLE_EXECUTABLE_FOLDER_PATH)/openclient-llm";
			};
			name = Release;
		};
		8090B5CA2F9365D7006E9DAE /* Debug */ = {
			isa = XCBuildConfiguration;
			buildSettings = {
				CODE_SIGN_ENTITLEMENTS = ShareExtension/Resources/ShareExtension.entitlements;
				CODE_SIGN_STYLE = Automatic;
				CURRENT_PROJECT_VERSION = 1;
				DEBUG_INFORMATION_FORMAT = "dwarf-with-dsym";
				DEVELOPMENT_TEAM = Q4X55987WE;
				GENERATE_INFOPLIST_FILE = YES;
				INFOPLIST_FILE = ShareExtension/Resources/Info.plist;
				INFOPLIST_KEY_CFBundleDisplayName = ShareExtension;
				INFOPLIST_KEY_NSHumanReadableCopyright = "Copyright © 2026 Arturo Carretero Calvo. All rights reserved.";
				IPHONEOS_DEPLOYMENT_TARGET = 26.0;
				LD_RUNPATH_SEARCH_PATHS = (
					"$(inherited)",
					"@executable_path/Frameworks",
					"@executable_path/../../Frameworks",
				);
				MARKETING_VERSION = 1.4.0;
				PRODUCT_BUNDLE_IDENTIFIER = "com.artcc.openclient-llm.ShareExtension";
				PRODUCT_NAME = "$(TARGET_NAME)";
				SKIP_INSTALL = YES;
				STRING_CATALOG_GENERATE_SYMBOLS = YES;
				SWIFT_APPROACHABLE_CONCURRENCY = YES;
				SWIFT_EMIT_LOC_STRINGS = YES;
				SWIFT_UPCOMING_FEATURE_MEMBER_IMPORT_VISIBILITY = YES;
				SWIFT_VERSION = 6.0;
				TARGETED_DEVICE_FAMILY = "1,2";
			};
			name = Debug;
		};
		8090B5CB2F9365D7006E9DAE /* Release */ = {
			isa = XCBuildConfiguration;
			buildSettings = {
				CODE_SIGN_ENTITLEMENTS = ShareExtension/Resources/ShareExtension.entitlements;
				CODE_SIGN_STYLE = Automatic;
				CURRENT_PROJECT_VERSION = 1;
				DEBUG_INFORMATION_FORMAT = "dwarf-with-dsym";
				DEVELOPMENT_TEAM = Q4X55987WE;
				GENERATE_INFOPLIST_FILE = YES;
				INFOPLIST_FILE = ShareExtension/Resources/Info.plist;
				INFOPLIST_KEY_CFBundleDisplayName = ShareExtension;
				INFOPLIST_KEY_NSHumanReadableCopyright = "Copyright © 2026 Arturo Carretero Calvo. All rights reserved.";
				IPHONEOS_DEPLOYMENT_TARGET = 26.0;
				LD_RUNPATH_SEARCH_PATHS = (
					"$(inherited)",
					"@executable_path/Frameworks",
					"@executable_path/../../Frameworks",
				);
				MARKETING_VERSION = 1.4.0;
				PRODUCT_BUNDLE_IDENTIFIER = "com.artcc.openclient-llm.ShareExtension";
				PRODUCT_NAME = "$(TARGET_NAME)";
				SKIP_INSTALL = YES;
				STRING_CATALOG_GENERATE_SYMBOLS = YES;
				SWIFT_APPROACHABLE_CONCURRENCY = YES;
				SWIFT_EMIT_LOC_STRINGS = YES;
				SWIFT_UPCOMING_FEATURE_MEMBER_IMPORT_VISIBILITY = YES;
				SWIFT_VERSION = 6.0;
				TARGETED_DEVICE_FAMILY = "1,2";
			};
			name = Release;
		};
		80E687922F9A24A200AC491E /* Debug */ = {
			isa = XCBuildConfiguration;
			buildSettings = {
				ASSETCATALOG_COMPILER_GLOBAL_ACCENT_COLOR_NAME = AccentColor;
				ASSETCATALOG_COMPILER_WIDGET_BACKGROUND_COLOR_NAME = WidgetBackground;
				CODE_SIGN_ENTITLEMENTS = Widgets/Resources/WidgetsExtension.entitlements;
				CODE_SIGN_STYLE = Automatic;
				CURRENT_PROJECT_VERSION = 1;
				DEBUG_INFORMATION_FORMAT = dwarf;
				DEVELOPMENT_TEAM = Q4X55987WE;
				GENERATE_INFOPLIST_FILE = YES;
				INFOPLIST_FILE = Widgets/Resources/Info.plist;
				INFOPLIST_KEY_CFBundleDisplayName = WidgetsExtension;
				INFOPLIST_KEY_NSHumanReadableCopyright = "Copyright © 2026 Arturo Carretero Calvo. All rights reserved.";
				IPHONEOS_DEPLOYMENT_TARGET = 26.0;
				LD_RUNPATH_SEARCH_PATHS = (
					"$(inherited)",
					"@executable_path/Frameworks",
					"@executable_path/../../Frameworks",
				);
				MARKETING_VERSION = 1.4.0;
				PRODUCT_BUNDLE_IDENTIFIER = "com.artcc.openclient-llm.widgets";
				PRODUCT_NAME = "$(TARGET_NAME)";
				SKIP_INSTALL = YES;
				STRING_CATALOG_GENERATE_SYMBOLS = YES;
				SWIFT_APPROACHABLE_CONCURRENCY = YES;
				SWIFT_EMIT_LOC_STRINGS = YES;
				SWIFT_UPCOMING_FEATURE_MEMBER_IMPORT_VISIBILITY = YES;
				SWIFT_VERSION = 6.0;
				TARGETED_DEVICE_FAMILY = "1,2";
			};
			name = Debug;
		};
		80E687932F9A24A200AC491E /* Release */ = {
			isa = XCBuildConfiguration;
			buildSettings = {
				ASSETCATALOG_COMPILER_GLOBAL_ACCENT_COLOR_NAME = AccentColor;
				ASSETCATALOG_COMPILER_WIDGET_BACKGROUND_COLOR_NAME = WidgetBackground;
				CODE_SIGN_ENTITLEMENTS = Widgets/Resources/WidgetsExtension.entitlements;
				CODE_SIGN_STYLE = Automatic;
				CURRENT_PROJECT_VERSION = 1;
				DEVELOPMENT_TEAM = Q4X55987WE;
				GENERATE_INFOPLIST_FILE = YES;
				INFOPLIST_FILE = Widgets/Resources/Info.plist;
				INFOPLIST_KEY_CFBundleDisplayName = WidgetsExtension;
				INFOPLIST_KEY_NSHumanReadableCopyright = "Copyright © 2026 Arturo Carretero Calvo. All rights reserved.";
				IPHONEOS_DEPLOYMENT_TARGET = 26.0;
				LD_RUNPATH_SEARCH_PATHS = (
					"$(inherited)",
					"@executable_path/Frameworks",
					"@executable_path/../../Frameworks",
				);
				MARKETING_VERSION = 1.4.0;
				PRODUCT_BUNDLE_IDENTIFIER = "com.artcc.openclient-llm.widgets";
				PRODUCT_NAME = "$(TARGET_NAME)";
				SKIP_INSTALL = YES;
				STRING_CATALOG_GENERATE_SYMBOLS = YES;
				SWIFT_APPROACHABLE_CONCURRENCY = YES;
				SWIFT_EMIT_LOC_STRINGS = YES;
				SWIFT_UPCOMING_FEATURE_MEMBER_IMPORT_VISIBILITY = YES;
				SWIFT_VERSION = 6.0;
				TARGETED_DEVICE_FAMILY = "1,2";
			};
			name = Release;
		};
/* End XCBuildConfiguration section */

/* Begin XCConfigurationList section */
		805E79862F79AC9B0070CBB3 /* Build configuration list for PBXProject "openclient-llm" */ = {
			isa = XCConfigurationList;
			buildConfigurations = (
				805E79942F79AC9C0070CBB3 /* Debug */,
				805E79952F79AC9C0070CBB3 /* Release */,
			);
			defaultConfigurationIsVisible = 0;
			defaultConfigurationName = Release;
		};
		805E79962F79AC9C0070CBB3 /* Build configuration list for PBXNativeTarget "openclient-llm" */ = {
			isa = XCConfigurationList;
			buildConfigurations = (
				805E79972F79AC9C0070CBB3 /* Debug */,
				805E79982F79AC9C0070CBB3 /* Release */,
			);
			defaultConfigurationIsVisible = 0;
			defaultConfigurationName = Release;
		};
		808077422F7A66F1009BC8C4 /* Build configuration list for PBXNativeTarget "openclient-llm-macOS" */ = {
			isa = XCConfigurationList;
			buildConfigurations = (
				808077432F7A66F1009BC8C4 /* Debug */,
				808077442F7A66F1009BC8C4 /* Release */,
			);
			defaultConfigurationIsVisible = 0;
			defaultConfigurationName = Release;
		};
		808077502F7A67CD009BC8C4 /* Build configuration list for PBXNativeTarget "openclient-llm-test" */ = {
			isa = XCConfigurationList;
			buildConfigurations = (
				808077512F7A67CD009BC8C4 /* Debug */,
				808077522F7A67CD009BC8C4 /* Release */,
			);
			defaultConfigurationIsVisible = 0;
			defaultConfigurationName = Release;
		};
		8090B5CC2F9365D7006E9DAE /* Build configuration list for PBXNativeTarget "ShareExtension" */ = {
			isa = XCConfigurationList;
			buildConfigurations = (
				8090B5CA2F9365D7006E9DAE /* Debug */,
				8090B5CB2F9365D7006E9DAE /* Release */,
			);
			defaultConfigurationIsVisible = 0;
			defaultConfigurationName = Release;
		};
		80E687942F9A24A200AC491E /* Build configuration list for PBXNativeTarget "WidgetsExtension" */ = {
			isa = XCConfigurationList;
			buildConfigurations = (
				80E687922F9A24A200AC491E /* Debug */,
				80E687932F9A24A200AC491E /* Release */,
			);
			defaultConfigurationIsVisible = 0;
			defaultConfigurationName = Release;
		};
/* End XCConfigurationList section */

/* Begin XCRemoteSwiftPackageReference section */
		8042FA662F7B01E800F0E933 /* XCRemoteSwiftPackageReference "votice-sdk" */ = {
			isa = XCRemoteSwiftPackageReference;
			repositoryURL = "https://github.com/ArtCC/votice-sdk";
			requirement = {
				kind = upToNextMajorVersion;
				minimumVersion = 1.0.20;
			};
		};
		808077342F7A6664009BC8C4 /* XCRemoteSwiftPackageReference "SwiftLintPlugins" */ = {
			isa = XCRemoteSwiftPackageReference;
			repositoryURL = "https://github.com/SimplyDanny/SwiftLintPlugins";
			requirement = {
				kind = upToNextMajorVersion;
				minimumVersion = 0.63.2;
			};
		};
/* End XCRemoteSwiftPackageReference section */

/* Begin XCSwiftPackageProductDependency section */
		8042FA672F7B01E800F0E933 /* VoticeSDK */ = {
			isa = XCSwiftPackageProductDependency;
			package = 8042FA662F7B01E800F0E933 /* XCRemoteSwiftPackageReference "votice-sdk" */;
			productName = VoticeSDK;
		};
		8042FA6A2F7B01F800F0E933 /* VoticeSDK */ = {
			isa = XCSwiftPackageProductDependency;
			package = 8042FA662F7B01E800F0E933 /* XCRemoteSwiftPackageReference "votice-sdk" */;
			productName = VoticeSDK;
		};
/* End XCSwiftPackageProductDependency section */
	};
	rootObject = 805E79832F79AC9B0070CBB3 /* Project object */;
}
