{
  "originHash" : "9ffd28a7c6a2b3f40fed9895f980ecd574ee2dfd17ec2a3553b62747d63c2348",
  "pins" : [
    {
      "identity" : "confettiswiftui",
      "kind" : "remoteSourceControl",
      "location" : "https://github.com/simibac/ConfettiSwiftUI",
      "state" : {
        "revision" : "9ae5bc2ce2149980884d4612321c3a266d6bf82c",
        "version" : "3.0.0"
      }
    },
    {
      "identity" : "swiftlintplugins",
      "kind" : "remoteSourceControl",
      "location" : "https://github.com/SimplyDanny/SwiftLintPlugins",
      "state" : {
        "revision" : "8a4640d14777685ba8f14e832373160498fbab92",
        "version" : "0.63.2"
      }
    },
    {
      "identity" : "votice-sdk",
      "kind" : "remoteSourceControl",
      "location" : "https://github.com/ArtCC/votice-sdk",
      "state" : {
        "revision" : "2f043367c7bf3da4fe4705037f8688df44223794",
        "version" : "1.0.20"
      }
    }
  ],
  "version" : 3
}
